
Microsoft Visual Studio Solution File, Format Version 12.00
# Visual Studio 2013
VisualStudioVersion = 12.0.21005.1
MinimumVisualStudioVersion = 10.0.40219.1
Project("{8BC9CEB8-8B4A-11D0-8D11-00A0C91BC942}") = "CanBusTransceiver", "CanBusTransceiver\CanBusTransceiver.vcxproj", "{87033088-630F-49A7-B40F-092DC92654A3}"
EndProject
Project("{8BC9CEB8-8B4A-11D0-8D11-00A0C91BC942}") = "CanBusChannel", "CanBusChannel\CanBusChannel.vcxproj", "{166F9407-CE30-4EDA-886A-47C7D0ECF221}"
EndProject
Project("{FAE04EC0-301F-11D3-BF4B-00C04F79EFBC}") = "CanBusTester", "CanBusTester\CanBusTester.csproj", "{C4BC3E79-209A-41CD-A3DD-8B050E7D418F}"
	ProjectSection(ProjectDependencies) = postProject
		{87033088-630F-49A7-B40F-092DC92654A3} = {87033088-630F-49A7-B40F-092DC92654A3}
	EndProjectSection
EndProject
Project("{8BC9CEB8-8B4A-11D0-8D11-00A0C91BC942}") = "EmulatorTester", "ConsoleApplication2\ConsoleApplication2.vcxproj", "{DFD6A224-F764-48FC-A837-CA24A74A4E45}"
EndProject
Project("{8BC9CEB8-8B4A-11D0-8D11-00A0C91BC942}") = "SCBProtocalWrapper", "SCBProtocalWrapper\SCBProtocalWrapper.vcxproj", "{A8E81E14-06CF-42E6-8E8D-F7D9550B691C}"
EndProject
Project("{8BC9CEB8-8B4A-11D0-8D11-00A0C91BC942}") = "ProtocalTester", "ProtocalTester\ProtocalTester.vcxproj", "{711C9CE7-E024-4D2B-A92F-31F0B5A4CF23}"
EndProject
Project("{8BC9CEB8-8B4A-11D0-8D11-00A0C91BC942}") = "PositionerSimulation", "PositionerSimulation\PositionerSimulation.vcxproj", "{E4588766-BEB9-48CC-8CE1-85B0BFB34A01}"
EndProject
Project("{FAE04EC0-301F-11D3-BF4B-00C04F79EFBC}") = "PCUSimulation", "PCUSimulation\PCUSimulation.csproj", "{EB667C85-7E6F-4F3A-9C94-5F5C88C2C02B}"
EndProject
Project("{FAE04EC0-301F-11D3-BF4B-00C04F79EFBC}") = "PDUTester", "PDUTester\PDUTester.csproj", "{E6CDF88D-D2F9-4815-BA1C-2E14A4D61E4C}"
EndProject
Project("{FAE04EC0-301F-11D3-BF4B-00C04F79EFBC}") = "PCUTsetConsle", "PCUTsetConsle\PCUTsetConsle.csproj", "{188A42E5-F39F-4E9F-8F23-9D8DF1E7810B}"
EndProject
Project("{FAE04EC0-301F-11D3-BF4B-00C04F79EFBC}") = "EmultorWrapper", "EmultorWrapper\EmultorWrapper.csproj", "{78BE11C2-C249-409A-BDD3-1000E839F85D}"
EndProject
Project("{FAE04EC0-301F-11D3-BF4B-00C04F79EFBC}") = "SCBWrapperTest", "SCBWrapperTest\SCBWrapperTest.csproj", "{D7CA2B52-4417-4858-82BA-FAF124EC14E7}"
EndProject
Project("{FAE04EC0-301F-11D3-BF4B-00C04F79EFBC}") = "EmuTest", "EmuTest\EmuTest.csproj", "{19A76813-B969-46F2-92AE-B1287DDE878D}"
EndProject
Project("{54435603-DBB4-11D2-8724-00A0C9A8B90C}") = "Virtual Lab System", "Virtual Lab System\Virtual Lab System.vdproj", "{6031545D-1495-4CF2-8C8C-DA432F699A38}"
EndProject
Global
	GlobalSection(SolutionConfigurationPlatforms) = preSolution
		Debug|Any CPU = Debug|Any CPU
		Debug|Mixed Platforms = Debug|Mixed Platforms
		Debug|Win32 = Debug|Win32
		Debug|x64 = Debug|x64
		Debug|x86 = Debug|x86
		Release|Any CPU = Release|Any CPU
		Release|Mixed Platforms = Release|Mixed Platforms
		Release|Win32 = Release|Win32
		Release|x64 = Release|x64
		Release|x86 = Release|x86
	EndGlobalSection
	GlobalSection(ProjectConfigurationPlatforms) = postSolution
		{87033088-630F-49A7-B40F-092DC92654A3}.Debug|Any CPU.ActiveCfg = Debug|Win32
		{87033088-630F-49A7-B40F-092DC92654A3}.Debug|Any CPU.Build.0 = Debug|Win32
		{87033088-630F-49A7-B40F-092DC92654A3}.Debug|Mixed Platforms.ActiveCfg = Debug|Win32
		{87033088-630F-49A7-B40F-092DC92654A3}.Debug|Mixed Platforms.Build.0 = Debug|Win32
		{87033088-630F-49A7-B40F-092DC92654A3}.Debug|Win32.ActiveCfg = Debug|Win32
		{87033088-630F-49A7-B40F-092DC92654A3}.Debug|Win32.Build.0 = Debug|Win32
		{87033088-630F-49A7-B40F-092DC92654A3}.Debug|x64.ActiveCfg = Debug|x64
		{87033088-630F-49A7-B40F-092DC92654A3}.Debug|x86.ActiveCfg = Debug|Win32
		{87033088-630F-49A7-B40F-092DC92654A3}.Debug|x86.Build.0 = Debug|Win32
		{87033088-630F-49A7-B40F-092DC92654A3}.Release|Any CPU.ActiveCfg = Release|Win32
		{87033088-630F-49A7-B40F-092DC92654A3}.Release|Any CPU.Build.0 = Release|Win32
		{87033088-630F-49A7-B40F-092DC92654A3}.Release|Mixed Platforms.ActiveCfg = Release|Win32
		{87033088-630F-49A7-B40F-092DC92654A3}.Release|Mixed Platforms.Build.0 = Release|Win32
		{87033088-630F-49A7-B40F-092DC92654A3}.Release|Win32.ActiveCfg = Release|Win32
		{87033088-630F-49A7-B40F-092DC92654A3}.Release|Win32.Build.0 = Release|Win32
		{87033088-630F-49A7-B40F-092DC92654A3}.Release|x64.ActiveCfg = Release|x64
		{87033088-630F-49A7-B40F-092DC92654A3}.Release|x86.ActiveCfg = Release|Win32
		{87033088-630F-49A7-B40F-092DC92654A3}.Release|x86.Build.0 = Release|Win32
		{166F9407-CE30-4EDA-886A-47C7D0ECF221}.Debug|Any CPU.ActiveCfg = Debug|Win32
		{166F9407-CE30-4EDA-886A-47C7D0ECF221}.Debug|Any CPU.Build.0 = Debug|Win32
		{166F9407-CE30-4EDA-886A-47C7D0ECF221}.Debug|Mixed Platforms.ActiveCfg = Debug|Win32
		{166F9407-CE30-4EDA-886A-47C7D0ECF221}.Debug|Mixed Platforms.Build.0 = Debug|Win32
		{166F9407-CE30-4EDA-886A-47C7D0ECF221}.Debug|Win32.ActiveCfg = Debug|Win32
		{166F9407-CE30-4EDA-886A-47C7D0ECF221}.Debug|Win32.Build.0 = Debug|Win32
		{166F9407-CE30-4EDA-886A-47C7D0ECF221}.Debug|x64.ActiveCfg = Debug|x64
		{166F9407-CE30-4EDA-886A-47C7D0ECF221}.Debug|x86.ActiveCfg = Debug|Win32
		{166F9407-CE30-4EDA-886A-47C7D0ECF221}.Debug|x86.Build.0 = Debug|Win32
		{166F9407-CE30-4EDA-886A-47C7D0ECF221}.Release|Any CPU.ActiveCfg = Release|Win32
		{166F9407-CE30-4EDA-886A-47C7D0ECF221}.Release|Any CPU.Build.0 = Release|Win32
		{166F9407-CE30-4EDA-886A-47C7D0ECF221}.Release|Mixed Platforms.ActiveCfg = Release|Win32
		{166F9407-CE30-4EDA-886A-47C7D0ECF221}.Release|Mixed Platforms.Build.0 = Release|Win32
		{166F9407-CE30-4EDA-886A-47C7D0ECF221}.Release|Win32.ActiveCfg = Release|Win32
		{166F9407-CE30-4EDA-886A-47C7D0ECF221}.Release|Win32.Build.0 = Release|Win32
		{166F9407-CE30-4EDA-886A-47C7D0ECF221}.Release|x64.ActiveCfg = Release|x64
		{166F9407-CE30-4EDA-886A-47C7D0ECF221}.Release|x86.ActiveCfg = Release|Win32
		{166F9407-CE30-4EDA-886A-47C7D0ECF221}.Release|x86.Build.0 = Release|Win32
		{C4BC3E79-209A-41CD-A3DD-8B050E7D418F}.Debug|Any CPU.ActiveCfg = Debug|Any CPU
		{C4BC3E79-209A-41CD-A3DD-8B050E7D418F}.Debug|Any CPU.Build.0 = Debug|Any CPU
		{C4BC3E79-209A-41CD-A3DD-8B050E7D418F}.Debug|Mixed Platforms.ActiveCfg = Debug|Any CPU
		{C4BC3E79-209A-41CD-A3DD-8B050E7D418F}.Debug|Mixed Platforms.Build.0 = Debug|Any CPU
		{C4BC3E79-209A-41CD-A3DD-8B050E7D418F}.Debug|Win32.ActiveCfg = Debug|Any CPU
		{C4BC3E79-209A-41CD-A3DD-8B050E7D418F}.Debug|Win32.Build.0 = Debug|Any CPU
		{C4BC3E79-209A-41CD-A3DD-8B050E7D418F}.Debug|x64.ActiveCfg = Debug|x64
		{C4BC3E79-209A-41CD-A3DD-8B050E7D418F}.Debug|x64.Build.0 = Debug|x64
		{C4BC3E79-209A-41CD-A3DD-8B050E7D418F}.Debug|x86.ActiveCfg = Debug|Any CPU
		{C4BC3E79-209A-41CD-A3DD-8B050E7D418F}.Release|Any CPU.ActiveCfg = Release|Any CPU
		{C4BC3E79-209A-41CD-A3DD-8B050E7D418F}.Release|Any CPU.Build.0 = Release|Any CPU
		{C4BC3E79-209A-41CD-A3DD-8B050E7D418F}.Release|Mixed Platforms.ActiveCfg = Release|Any CPU
		{C4BC3E79-209A-41CD-A3DD-8B050E7D418F}.Release|Mixed Platforms.Build.0 = Release|Any CPU
		{C4BC3E79-209A-41CD-A3DD-8B050E7D418F}.Release|Win32.ActiveCfg = Release|Any CPU
		{C4BC3E79-209A-41CD-A3DD-8B050E7D418F}.Release|x64.ActiveCfg = Release|x64
		{C4BC3E79-209A-41CD-A3DD-8B050E7D418F}.Release|x64.Build.0 = Release|x64
		{C4BC3E79-209A-41CD-A3DD-8B050E7D418F}.Release|x86.ActiveCfg = Release|Any CPU
		{DFD6A224-F764-48FC-A837-CA24A74A4E45}.Debug|Any CPU.ActiveCfg = Debug|Win32
		{DFD6A224-F764-48FC-A837-CA24A74A4E45}.Debug|Mixed Platforms.ActiveCfg = Debug|Win32
		{DFD6A224-F764-48FC-A837-CA24A74A4E45}.Debug|Win32.ActiveCfg = Debug|Win32
		{DFD6A224-F764-48FC-A837-CA24A74A4E45}.Debug|Win32.Build.0 = Debug|Win32
		{DFD6A224-F764-48FC-A837-CA24A74A4E45}.Debug|x64.ActiveCfg = Debug|x64
		{DFD6A224-F764-48FC-A837-CA24A74A4E45}.Debug|x86.ActiveCfg = Debug|Win32
		{DFD6A224-F764-48FC-A837-CA24A74A4E45}.Debug|x86.Build.0 = Debug|Win32
		{DFD6A224-F764-48FC-A837-CA24A74A4E45}.Release|Any CPU.ActiveCfg = Release|Win32
		{DFD6A224-F764-48FC-A837-CA24A74A4E45}.Release|Any CPU.Build.0 = Release|Win32
		{DFD6A224-F764-48FC-A837-CA24A74A4E45}.Release|Mixed Platforms.ActiveCfg = Release|Win32
		{DFD6A224-F764-48FC-A837-CA24A74A4E45}.Release|Win32.ActiveCfg = Release|Win32
		{DFD6A224-F764-48FC-A837-CA24A74A4E45}.Release|Win32.Build.0 = Release|Win32
		{DFD6A224-F764-48FC-A837-CA24A74A4E45}.Release|x64.ActiveCfg = Release|x64
		{DFD6A224-F764-48FC-A837-CA24A74A4E45}.Release|x86.ActiveCfg = Release|Win32
		{DFD6A224-F764-48FC-A837-CA24A74A4E45}.Release|x86.Build.0 = Release|Win32
		{A8E81E14-06CF-42E6-8E8D-F7D9550B691C}.Debug|Any CPU.ActiveCfg = Debug|Win32
		{A8E81E14-06CF-42E6-8E8D-F7D9550B691C}.Debug|Any CPU.Build.0 = Debug|Win32
		{A8E81E14-06CF-42E6-8E8D-F7D9550B691C}.Debug|Mixed Platforms.ActiveCfg = Debug|Win32
		{A8E81E14-06CF-42E6-8E8D-F7D9550B691C}.Debug|Mixed Platforms.Build.0 = Debug|Win32
		{A8E81E14-06CF-42E6-8E8D-F7D9550B691C}.Debug|Win32.ActiveCfg = Debug|Win32
		{A8E81E14-06CF-42E6-8E8D-F7D9550B691C}.Debug|Win32.Build.0 = Debug|Win32
		{A8E81E14-06CF-42E6-8E8D-F7D9550B691C}.Debug|x64.ActiveCfg = Debug|x64
		{A8E81E14-06CF-42E6-8E8D-F7D9550B691C}.Debug|x86.ActiveCfg = Debug|Win32
		{A8E81E14-06CF-42E6-8E8D-F7D9550B691C}.Debug|x86.Build.0 = Debug|Win32
		{A8E81E14-06CF-42E6-8E8D-F7D9550B691C}.Release|Any CPU.ActiveCfg = Release|Win32
		{A8E81E14-06CF-42E6-8E8D-F7D9550B691C}.Release|Any CPU.Build.0 = Release|Win32
		{A8E81E14-06CF-42E6-8E8D-F7D9550B691C}.Release|Mixed Platforms.ActiveCfg = Release|Win32
		{A8E81E14-06CF-42E6-8E8D-F7D9550B691C}.Release|Mixed Platforms.Build.0 = Release|Win32
		{A8E81E14-06CF-42E6-8E8D-F7D9550B691C}.Release|Win32.ActiveCfg = Release|Win32
		{A8E81E14-06CF-42E6-8E8D-F7D9550B691C}.Release|Win32.Build.0 = Release|Win32
		{A8E81E14-06CF-42E6-8E8D-F7D9550B691C}.Release|x64.ActiveCfg = Release|x64
		{A8E81E14-06CF-42E6-8E8D-F7D9550B691C}.Release|x86.ActiveCfg = Release|Win32
		{A8E81E14-06CF-42E6-8E8D-F7D9550B691C}.Release|x86.Build.0 = Release|Win32
		{711C9CE7-E024-4D2B-A92F-31F0B5A4CF23}.Debug|Any CPU.ActiveCfg = Debug|Win32
		{711C9CE7-E024-4D2B-A92F-31F0B5A4CF23}.Debug|Mixed Platforms.ActiveCfg = Debug|Win32
		{711C9CE7-E024-4D2B-A92F-31F0B5A4CF23}.Debug|Win32.ActiveCfg = Debug|Win32
		{711C9CE7-E024-4D2B-A92F-31F0B5A4CF23}.Debug|Win32.Build.0 = Debug|Win32
		{711C9CE7-E024-4D2B-A92F-31F0B5A4CF23}.Debug|x64.ActiveCfg = Debug|x64
		{711C9CE7-E024-4D2B-A92F-31F0B5A4CF23}.Debug|x86.ActiveCfg = Debug|Win32
		{711C9CE7-E024-4D2B-A92F-31F0B5A4CF23}.Debug|x86.Build.0 = Debug|Win32
		{711C9CE7-E024-4D2B-A92F-31F0B5A4CF23}.Release|Any CPU.ActiveCfg = Release|Win32
		{711C9CE7-E024-4D2B-A92F-31F0B5A4CF23}.Release|Any CPU.Build.0 = Release|Win32
		{711C9CE7-E024-4D2B-A92F-31F0B5A4CF23}.Release|Mixed Platforms.ActiveCfg = Release|Win32
		{711C9CE7-E024-4D2B-A92F-31F0B5A4CF23}.Release|Win32.ActiveCfg = Release|Win32
		{711C9CE7-E024-4D2B-A92F-31F0B5A4CF23}.Release|Win32.Build.0 = Release|Win32
		{711C9CE7-E024-4D2B-A92F-31F0B5A4CF23}.Release|x64.ActiveCfg = Release|x64
		{711C9CE7-E024-4D2B-A92F-31F0B5A4CF23}.Release|x86.ActiveCfg = Release|Win32
		{711C9CE7-E024-4D2B-A92F-31F0B5A4CF23}.Release|x86.Build.0 = Release|Win32
		{E4588766-BEB9-48CC-8CE1-85B0BFB34A01}.Debug|Any CPU.ActiveCfg = Debug|Win32
		{E4588766-BEB9-48CC-8CE1-85B0BFB34A01}.Debug|Any CPU.Build.0 = Debug|Win32
		{E4588766-BEB9-48CC-8CE1-85B0BFB34A01}.Debug|Mixed Platforms.ActiveCfg = Debug|Win32
		{E4588766-BEB9-48CC-8CE1-85B0BFB34A01}.Debug|Mixed Platforms.Build.0 = Debug|Win32
		{E4588766-BEB9-48CC-8CE1-85B0BFB34A01}.Debug|Win32.ActiveCfg = Debug|Win32
		{E4588766-BEB9-48CC-8CE1-85B0BFB34A01}.Debug|Win32.Build.0 = Debug|Win32
		{E4588766-BEB9-48CC-8CE1-85B0BFB34A01}.Debug|x64.ActiveCfg = Debug|x64
		{E4588766-BEB9-48CC-8CE1-85B0BFB34A01}.Debug|x86.ActiveCfg = Debug|Win32
		{E4588766-BEB9-48CC-8CE1-85B0BFB34A01}.Debug|x86.Build.0 = Debug|Win32
		{E4588766-BEB9-48CC-8CE1-85B0BFB34A01}.Release|Any CPU.ActiveCfg = Release|Win32
		{E4588766-BEB9-48CC-8CE1-85B0BFB34A01}.Release|Any CPU.Build.0 = Release|Win32
		{E4588766-BEB9-48CC-8CE1-85B0BFB34A01}.Release|Mixed Platforms.ActiveCfg = Release|Win32
		{E4588766-BEB9-48CC-8CE1-85B0BFB34A01}.Release|Mixed Platforms.Build.0 = Release|Win32
		{E4588766-BEB9-48CC-8CE1-85B0BFB34A01}.Release|Win32.ActiveCfg = Release|Win32
		{E4588766-BEB9-48CC-8CE1-85B0BFB34A01}.Release|Win32.Build.0 = Release|Win32
		{E4588766-BEB9-48CC-8CE1-85B0BFB34A01}.Release|x64.ActiveCfg = Release|x64
		{E4588766-BEB9-48CC-8CE1-85B0BFB34A01}.Release|x86.ActiveCfg = Release|Win32
		{E4588766-BEB9-48CC-8CE1-85B0BFB34A01}.Release|x86.Build.0 = Release|Win32
		{EB667C85-7E6F-4F3A-9C94-5F5C88C2C02B}.Debug|Any CPU.ActiveCfg = Debug|Any CPU
		{EB667C85-7E6F-4F3A-9C94-5F5C88C2C02B}.Debug|Any CPU.Build.0 = Debug|Any CPU
		{EB667C85-7E6F-4F3A-9C94-5F5C88C2C02B}.Debug|Mixed Platforms.ActiveCfg = Debug|x86
		{EB667C85-7E6F-4F3A-9C94-5F5C88C2C02B}.Debug|Mixed Platforms.Build.0 = Debug|x86
		{EB667C85-7E6F-4F3A-9C94-5F5C88C2C02B}.Debug|Win32.ActiveCfg = Debug|Any CPU
		{EB667C85-7E6F-4F3A-9C94-5F5C88C2C02B}.Debug|x64.ActiveCfg = Debug|Any CPU
		{EB667C85-7E6F-4F3A-9C94-5F5C88C2C02B}.Debug|x86.ActiveCfg = Debug|x86
		{EB667C85-7E6F-4F3A-9C94-5F5C88C2C02B}.Debug|x86.Build.0 = Debug|x86
		{EB667C85-7E6F-4F3A-9C94-5F5C88C2C02B}.Release|Any CPU.ActiveCfg = Release|Any CPU
		{EB667C85-7E6F-4F3A-9C94-5F5C88C2C02B}.Release|Any CPU.Build.0 = Release|Any CPU
		{EB667C85-7E6F-4F3A-9C94-5F5C88C2C02B}.Release|Mixed Platforms.ActiveCfg = Release|Any CPU
		{EB667C85-7E6F-4F3A-9C94-5F5C88C2C02B}.Release|Mixed Platforms.Build.0 = Release|Any CPU
		{EB667C85-7E6F-4F3A-9C94-5F5C88C2C02B}.Release|Win32.ActiveCfg = Release|Any CPU
		{EB667C85-7E6F-4F3A-9C94-5F5C88C2C02B}.Release|x64.ActiveCfg = Release|Any CPU
		{EB667C85-7E6F-4F3A-9C94-5F5C88C2C02B}.Release|x86.ActiveCfg = Release|x86
		{EB667C85-7E6F-4F3A-9C94-5F5C88C2C02B}.Release|x86.Build.0 = Release|x86
		{E6CDF88D-D2F9-4815-BA1C-2E14A4D61E4C}.Debug|Any CPU.ActiveCfg = Debug|Any CPU
		{E6CDF88D-D2F9-4815-BA1C-2E14A4D61E4C}.Debug|Any CPU.Build.0 = Debug|Any CPU
		{E6CDF88D-D2F9-4815-BA1C-2E14A4D61E4C}.Debug|Mixed Platforms.ActiveCfg = Debug|Any CPU
		{E6CDF88D-D2F9-4815-BA1C-2E14A4D61E4C}.Debug|Win32.ActiveCfg = Debug|Any CPU
		{E6CDF88D-D2F9-4815-BA1C-2E14A4D61E4C}.Debug|x64.ActiveCfg = Debug|Any CPU
		{E6CDF88D-D2F9-4815-BA1C-2E14A4D61E4C}.Debug|x86.ActiveCfg = Debug|Any CPU
		{E6CDF88D-D2F9-4815-BA1C-2E14A4D61E4C}.Release|Any CPU.ActiveCfg = Release|Any CPU
		{E6CDF88D-D2F9-4815-BA1C-2E14A4D61E4C}.Release|Any CPU.Build.0 = Release|Any CPU
		{E6CDF88D-D2F9-4815-BA1C-2E14A4D61E4C}.Release|Mixed Platforms.ActiveCfg = Release|Any CPU
		{E6CDF88D-D2F9-4815-BA1C-2E14A4D61E4C}.Release|Win32.ActiveCfg = Release|Any CPU
		{E6CDF88D-D2F9-4815-BA1C-2E14A4D61E4C}.Release|x64.ActiveCfg = Release|Any CPU
		{E6CDF88D-D2F9-4815-BA1C-2E14A4D61E4C}.Release|x86.ActiveCfg = Release|Any CPU
		{188A42E5-F39F-4E9F-8F23-9D8DF1E7810B}.Debug|Any CPU.ActiveCfg = Debug|Any CPU
		{188A42E5-F39F-4E9F-8F23-9D8DF1E7810B}.Debug|Any CPU.Build.0 = Debug|Any CPU
		{188A42E5-F39F-4E9F-8F23-9D8DF1E7810B}.Debug|Mixed Platforms.ActiveCfg = Debug|Any CPU
		{188A42E5-F39F-4E9F-8F23-9D8DF1E7810B}.Debug|Mixed Platforms.Build.0 = Debug|Any CPU
		{188A42E5-F39F-4E9F-8F23-9D8DF1E7810B}.Debug|Win32.ActiveCfg = Debug|Any CPU
		{188A42E5-F39F-4E9F-8F23-9D8DF1E7810B}.Debug|x64.ActiveCfg = Debug|Any CPU
		{188A42E5-F39F-4E9F-8F23-9D8DF1E7810B}.Debug|x86.ActiveCfg = Debug|x86
		{188A42E5-F39F-4E9F-8F23-9D8DF1E7810B}.Debug|x86.Build.0 = Debug|x86
		{188A42E5-F39F-4E9F-8F23-9D8DF1E7810B}.Release|Any CPU.ActiveCfg = Release|Any CPU
		{188A42E5-F39F-4E9F-8F23-9D8DF1E7810B}.Release|Any CPU.Build.0 = Release|Any CPU
		{188A42E5-F39F-4E9F-8F23-9D8DF1E7810B}.Release|Mixed Platforms.ActiveCfg = Release|Any CPU
		{188A42E5-F39F-4E9F-8F23-9D8DF1E7810B}.Release|Mixed Platforms.Build.0 = Release|Any CPU
		{188A42E5-F39F-4E9F-8F23-9D8DF1E7810B}.Release|Win32.ActiveCfg = Release|Any CPU
		{188A42E5-F39F-4E9F-8F23-9D8DF1E7810B}.Release|x64.ActiveCfg = Release|Any CPU
		{188A42E5-F39F-4E9F-8F23-9D8DF1E7810B}.Release|x86.ActiveCfg = Release|x86
		{188A42E5-F39F-4E9F-8F23-9D8DF1E7810B}.Release|x86.Build.0 = Release|x86
		{78BE11C2-C249-409A-BDD3-1000E839F85D}.Debug|Any CPU.ActiveCfg = Debug|Any CPU
		{78BE11C2-C249-409A-BDD3-1000E839F85D}.Debug|Any CPU.Build.0 = Debug|Any CPU
		{78BE11C2-C249-409A-BDD3-1000E839F85D}.Debug|Mixed Platforms.ActiveCfg = Debug|Any CPU
		{78BE11C2-C249-409A-BDD3-1000E839F85D}.Debug|Mixed Platforms.Build.0 = Debug|Any CPU
		{78BE11C2-C249-409A-BDD3-1000E839F85D}.Debug|Win32.ActiveCfg = Debug|Any CPU
		{78BE11C2-C249-409A-BDD3-1000E839F85D}.Debug|x64.ActiveCfg = Debug|Any CPU
		{78BE11C2-C249-409A-BDD3-1000E839F85D}.Debug|x86.ActiveCfg = Debug|Any CPU
		{78BE11C2-C249-409A-BDD3-1000E839F85D}.Release|Any CPU.ActiveCfg = Release|Any CPU
		{78BE11C2-C249-409A-BDD3-1000E839F85D}.Release|Any CPU.Build.0 = Release|Any CPU
		{78BE11C2-C249-409A-BDD3-1000E839F85D}.Release|Mixed Platforms.ActiveCfg = Release|Any CPU
		{78BE11C2-C249-409A-BDD3-1000E839F85D}.Release|Mixed Platforms.Build.0 = Release|Any CPU
		{78BE11C2-C249-409A-BDD3-1000E839F85D}.Release|Win32.ActiveCfg = Release|Any CPU
		{78BE11C2-C249-409A-BDD3-1000E839F85D}.Release|x64.ActiveCfg = Release|Any CPU
		{78BE11C2-C249-409A-BDD3-1000E839F85D}.Release|x86.ActiveCfg = Release|Any CPU
		{D7CA2B52-4417-4858-82BA-FAF124EC14E7}.Debug|Any CPU.ActiveCfg = Debug|Any CPU
		{D7CA2B52-4417-4858-82BA-FAF124EC14E7}.Debug|Any CPU.Build.0 = Debug|Any CPU
		{D7CA2B52-4417-4858-82BA-FAF124EC14E7}.Debug|Mixed Platforms.ActiveCfg = Debug|Any CPU
		{D7CA2B52-4417-4858-82BA-FAF124EC14E7}.Debug|Mixed Platforms.Build.0 = Debug|Any CPU
		{D7CA2B52-4417-4858-82BA-FAF124EC14E7}.Debug|Win32.ActiveCfg = Debug|Any CPU
		{D7CA2B52-4417-4858-82BA-FAF124EC14E7}.Debug|x64.ActiveCfg = Debug|Any CPU
		{D7CA2B52-4417-4858-82BA-FAF124EC14E7}.Debug|x86.ActiveCfg = Debug|Any CPU
		{D7CA2B52-4417-4858-82BA-FAF124EC14E7}.Release|Any CPU.ActiveCfg = Release|Any CPU
		{D7CA2B52-4417-4858-82BA-FAF124EC14E7}.Release|Any CPU.Build.0 = Release|Any CPU
		{D7CA2B52-4417-4858-82BA-FAF124EC14E7}.Release|Mixed Platforms.ActiveCfg = Release|Any CPU
		{D7CA2B52-4417-4858-82BA-FAF124EC14E7}.Release|Mixed Platforms.Build.0 = Release|Any CPU
		{D7CA2B52-4417-4858-82BA-FAF124EC14E7}.Release|Win32.ActiveCfg = Release|Any CPU
		{D7CA2B52-4417-4858-82BA-FAF124EC14E7}.Release|x64.ActiveCfg = Release|Any CPU
		{D7CA2B52-4417-4858-82BA-FAF124EC14E7}.Release|x86.ActiveCfg = Release|Any CPU
		{19A76813-B969-46F2-92AE-B1287DDE878D}.Debug|Any CPU.ActiveCfg = Debug|Any CPU
		{19A76813-B969-46F2-92AE-B1287DDE878D}.Debug|Any CPU.Build.0 = Debug|Any CPU
		{19A76813-B969-46F2-92AE-B1287DDE878D}.Debug|Mixed Platforms.ActiveCfg = Debug|Any CPU
		{19A76813-B969-46F2-92AE-B1287DDE878D}.Debug|Mixed Platforms.Build.0 = Debug|Any CPU
		{19A76813-B969-46F2-92AE-B1287DDE878D}.Debug|Win32.ActiveCfg = Debug|Any CPU
		{19A76813-B969-46F2-92AE-B1287DDE878D}.Debug|x64.ActiveCfg = Debug|Any CPU
		{19A76813-B969-46F2-92AE-B1287DDE878D}.Debug|x86.ActiveCfg = Debug|Any CPU
		{19A76813-B969-46F2-92AE-B1287DDE878D}.Release|Any CPU.ActiveCfg = Release|Any CPU
		{19A76813-B969-46F2-92AE-B1287DDE878D}.Release|Any CPU.Build.0 = Release|Any CPU
		{19A76813-B969-46F2-92AE-B1287DDE878D}.Release|Mixed Platforms.ActiveCfg = Release|Any CPU
		{19A76813-B969-46F2-92AE-B1287DDE878D}.Release|Mixed Platforms.Build.0 = Release|Any CPU
		{19A76813-B969-46F2-92AE-B1287DDE878D}.Release|Win32.ActiveCfg = Release|Any CPU
		{19A76813-B969-46F2-92AE-B1287DDE878D}.Release|x64.ActiveCfg = Release|Any CPU
		{19A76813-B969-46F2-92AE-B1287DDE878D}.Release|x86.ActiveCfg = Release|Any CPU
		{6031545D-1495-4CF2-8C8C-DA432F699A38}.Debug|Any CPU.ActiveCfg = Debug
		{6031545D-1495-4CF2-8C8C-DA432F699A38}.Debug|Mixed Platforms.ActiveCfg = Debug
		{6031545D-1495-4CF2-8C8C-DA432F699A38}.Debug|Win32.ActiveCfg = Debug
		{6031545D-1495-4CF2-8C8C-DA432F699A38}.Debug|x64.ActiveCfg = Debug
		{6031545D-1495-4CF2-8C8C-DA432F699A38}.Debug|x86.ActiveCfg = Debug
		{6031545D-1495-4CF2-8C8C-DA432F699A38}.Release|Any CPU.ActiveCfg = Release
		{6031545D-1495-4CF2-8C8C-DA432F699A38}.Release|Mixed Platforms.ActiveCfg = Release
		{6031545D-1495-4CF2-8C8C-DA432F699A38}.Release|Win32.ActiveCfg = Release
		{6031545D-1495-4CF2-8C8C-DA432F699A38}.Release|x64.ActiveCfg = Release
		{6031545D-1495-4CF2-8C8C-DA432F699A38}.Release|x86.ActiveCfg = Release
	EndGlobalSection
	GlobalSection(SolutionProperties) = preSolution
		HideSolutionNode = FALSE
	EndGlobalSection
EndGlobal
